
Microsoft Visual Studio Solution File, Format Version 12.00
# Visual Studio Version 17
VisualStudioVersion = 17.0.31903.59
MinimumVisualStudioVersion = 10.0.40219.1
Project("{2150E333-8FDC-42A3-9474-1A3956D46DE8}") = "src", "src", "{827E0CD3-B72D-47B6-A68D-7590B98EB39B}"
EndProject
Project("{2150E333-8FDC-42A3-9474-1A3956D46DE8}") = "Shared", "Shared", "{C8E42992-5E42-0C2B-DBFE-AA848D06431C}"
EndProject
Project("{2150E333-8FDC-42A3-9474-1A3956D46DE8}") = "Persistence", "Persistence", "{A030319A-6473-6474-6BC6-D56A243D6504}"
EndProject
Project("{FAE04EC0-301F-11D3-BF4B-00C04F79EFBC}") = "CurrencyMonitor.Persistence", "src\Shared\Persistence\CurrencyMonitor.Persistence\CurrencyMonitor.Persistence.csproj", "{D34AC15F-0AF6-490B-BBA6-36996E2FEDEA}"
EndProject
Project("{2150E333-8FDC-42A3-9474-1A3956D46DE8}") = "Services", "Services", "{984BB9B3-3FA3-BE33-9484-CAC21695A33C}"
EndProject
Project("{2150E333-8FDC-42A3-9474-1A3956D46DE8}") = "UserService", "UserService", "{A52FF9A7-1006-A729-7F26-021652E10080}"
EndProject
Project("{FAE04EC0-301F-11D3-BF4B-00C04F79EFBC}") = "UserService.Domain", "src\Services\UserService\UserService.Domain\UserService.Domain.csproj", "{60697DE3-89B2-496F-A976-02ED74483C31}"
EndProject
Project("{FAE04EC0-301F-11D3-BF4B-00C04F79EFBC}") = "UserService.Application", "src\Services\UserService\UserService.Application\UserService.Application.csproj", "{05EA2664-9EC8-4C3B-BAED-35B56888FFC3}"
EndProject
Project("{FAE04EC0-301F-11D3-BF4B-00C04F79EFBC}") = "UserService.Infrastructure", "src\Services\UserService\UserService.Infrastructure\UserService.Infrastructure.csproj", "{4C49496F-4E81-4476-ABAE-89883B60A07E}"
EndProject
Project("{FAE04EC0-301F-11D3-BF4B-00C04F79EFBC}") = "UserService.Api", "src\Services\UserService\UserService.Api\UserService.Api.csproj", "{BFC040E5-F4F3-4C99-99AE-A3387DA71F33}"
EndProject
Project("{2150E333-8FDC-42A3-9474-1A3956D46DE8}") = "FinanceService", "FinanceService", "{5D5F1A51-413C-51CF-0AA2-A9CBE0E1EBD9}"
EndProject
Project("{FAE04EC0-301F-11D3-BF4B-00C04F79EFBC}") = "FinanceService.Domain", "src\Services\FinanceService\FinanceService.Domain\FinanceService.Domain.csproj", "{AFB904AE-F73F-421B-AD65-8E235199AFEF}"
EndProject
Project("{FAE04EC0-301F-11D3-BF4B-00C04F79EFBC}") = "FinanceService.Application", "src\Services\FinanceService\FinanceService.Application\FinanceService.Application.csproj", "{C62CEA4F-AF3D-4CBE-AE89-EF027237E987}"
EndProject
Project("{FAE04EC0-301F-11D3-BF4B-00C04F79EFBC}") = "FinanceService.Infrastructure", "src\Services\FinanceService\FinanceService.Infrastructure\FinanceService.Infrastructure.csproj", "{6D97D21F-2216-4EC7-AEFB-27AB3CCEE0CE}"
EndProject
Project("{FAE04EC0-301F-11D3-BF4B-00C04F79EFBC}") = "FinanceService.Api", "src\Services\FinanceService\FinanceService.Api\FinanceService.Api.csproj", "{45FD1BC2-D992-4927-919B-966E913BFD21}"
EndProject
Project("{2150E333-8FDC-42A3-9474-1A3956D46DE8}") = "Infrastructure", "Infrastructure", "{9048EB7F-3875-A59E-E36B-5BD4C6F2A282}"
EndProject
Project("{FAE04EC0-301F-11D3-BF4B-00C04F79EFBC}") = "CurrencyRates.Worker", "src\Infrastructure\CurrencyRates.Worker\CurrencyRates.Worker.csproj", "{03BAE90E-910C-470D-B134-E17A3DBC7EF8}"
EndProject
Project("{FAE04EC0-301F-11D3-BF4B-00C04F79EFBC}") = "DatabaseMigrator", "src\Infrastructure\DatabaseMigrator\DatabaseMigrator.csproj", "{76F5ACFB-1330-44A1-BE19-ECFBF16EFAB3}"
EndProject
Project("{2150E333-8FDC-42A3-9474-1A3956D46DE8}") = "ApiGateway", "ApiGateway", "{FCA01246-F2C6-0AA7-D43F-FD13BE0B9D88}"
EndProject
Project("{FAE04EC0-301F-11D3-BF4B-00C04F79EFBC}") = "ApiGateway", "src\ApiGateway\ApiGateway\ApiGateway.csproj", "{85E6FC0D-9085-42D4-A48E-A398319B9312}"
EndProject
Project("{2150E333-8FDC-42A3-9474-1A3956D46DE8}") = "tests", "tests", "{0AB3BF05-4346-4AA6-1389-037BE0695223}"
EndProject
Project("{FAE04EC0-301F-11D3-BF4B-00C04F79EFBC}") = "UserService.Tests", "tests\UserService.Tests\UserService.Tests.csproj", "{F91C82CA-16A2-4FDD-9703-1B9B80209C3D}"
EndProject
Project("{FAE04EC0-301F-11D3-BF4B-00C04F79EFBC}") = "FinanceService.Tests", "tests\FinanceService.Tests\FinanceService.Tests.csproj", "{C43443C6-CD05-4C60-8FC3-4E6B3E82F10B}"
EndProject
Global
	GlobalSection(SolutionConfigurationPlatforms) = preSolution
		Debug|Any CPU = Debug|Any CPU
		Debug|x64 = Debug|x64
		Debug|x86 = Debug|x86
		Release|Any CPU = Release|Any CPU
		Release|x64 = Release|x64
		Release|x86 = Release|x86
	EndGlobalSection
	GlobalSection(ProjectConfigurationPlatforms) = postSolution
		{D34AC15F-0AF6-490B-BBA6-36996E2FEDEA}.Debug|Any CPU.ActiveCfg = Debug|Any CPU
		{D34AC15F-0AF6-490B-BBA6-36996E2FEDEA}.Debug|Any CPU.Build.0 = Debug|Any CPU
		{D34AC15F-0AF6-490B-BBA6-36996E2FEDEA}.Debug|x64.ActiveCfg = Debug|Any CPU
		{D34AC15F-0AF6-490B-BBA6-36996E2FEDEA}.Debug|x64.Build.0 = Debug|Any CPU
		{D34AC15F-0AF6-490B-BBA6-36996E2FEDEA}.Debug|x86.ActiveCfg = Debug|Any CPU
		{D34AC15F-0AF6-490B-BBA6-36996E2FEDEA}.Debug|x86.Build.0 = Debug|Any CPU
		{D34AC15F-0AF6-490B-BBA6-36996E2FEDEA}.Release|Any CPU.ActiveCfg = Release|Any CPU
		{D34AC15F-0AF6-490B-BBA6-36996E2FEDEA}.Release|Any CPU.Build.0 = Release|Any CPU
		{D34AC15F-0AF6-490B-BBA6-36996E2FEDEA}.Release|x64.ActiveCfg = Release|Any CPU
		{D34AC15F-0AF6-490B-BBA6-36996E2FEDEA}.Release|x64.Build.0 = Release|Any CPU
		{D34AC15F-0AF6-490B-BBA6-36996E2FEDEA}.Release|x86.ActiveCfg = Release|Any CPU
		{D34AC15F-0AF6-490B-BBA6-36996E2FEDEA}.Release|x86.Build.0 = Release|Any CPU
		{60697DE3-89B2-496F-A976-02ED74483C31}.Debug|Any CPU.ActiveCfg = Debug|Any CPU
		{60697DE3-89B2-496F-A976-02ED74483C31}.Debug|Any CPU.Build.0 = Debug|Any CPU
		{60697DE3-89B2-496F-A976-02ED74483C31}.Debug|x64.ActiveCfg = Debug|Any CPU
		{60697DE3-89B2-496F-A976-02ED74483C31}.Debug|x64.Build.0 = Debug|Any CPU
		{60697DE3-89B2-496F-A976-02ED74483C31}.Debug|x86.ActiveCfg = Debug|Any CPU
		{60697DE3-89B2-496F-A976-02ED74483C31}.Debug|x86.Build.0 = Debug|Any CPU
		{60697DE3-89B2-496F-A976-02ED74483C31}.Release|Any CPU.ActiveCfg = Release|Any CPU
		{60697DE3-89B2-496F-A976-02ED74483C31}.Release|Any CPU.Build.0 = Release|Any CPU
		{60697DE3-89B2-496F-A976-02ED74483C31}.Release|x64.ActiveCfg = Release|Any CPU
		{60697DE3-89B2-496F-A976-02ED74483C31}.Release|x64.Build.0 = Release|Any CPU
		{60697DE3-89B2-496F-A976-02ED74483C31}.Release|x86.ActiveCfg = Release|Any CPU
		{60697DE3-89B2-496F-A976-02ED74483C31}.Release|x86.Build.0 = Release|Any CPU
		{05EA2664-9EC8-4C3B-BAED-35B56888FFC3}.Debug|Any CPU.ActiveCfg = Debug|Any CPU
		{05EA2664-9EC8-4C3B-BAED-35B56888FFC3}.Debug|Any CPU.Build.0 = Debug|Any CPU
		{05EA2664-9EC8-4C3B-BAED-35B56888FFC3}.Debug|x64.ActiveCfg = Debug|Any CPU
		{05EA2664-9EC8-4C3B-BAED-35B56888FFC3}.Debug|x64.Build.0 = Debug|Any CPU
		{05EA2664-9EC8-4C3B-BAED-35B56888FFC3}.Debug|x86.ActiveCfg = Debug|Any CPU
		{05EA2664-9EC8-4C3B-BAED-35B56888FFC3}.Debug|x86.Build.0 = Debug|Any CPU
		{05EA2664-9EC8-4C3B-BAED-35B56888FFC3}.Release|Any CPU.ActiveCfg = Release|Any CPU
		{05EA2664-9EC8-4C3B-BAED-35B56888FFC3}.Release|Any CPU.Build.0 = Release|Any CPU
		{05EA2664-9EC8-4C3B-BAED-35B56888FFC3}.Release|x64.ActiveCfg = Release|Any CPU
		{05EA2664-9EC8-4C3B-BAED-35B56888FFC3}.Release|x64.Build.0 = Release|Any CPU
		{05EA2664-9EC8-4C3B-BAED-35B56888FFC3}.Release|x86.ActiveCfg = Release|Any CPU
		{05EA2664-9EC8-4C3B-BAED-35B56888FFC3}.Release|x86.Build.0 = Release|Any CPU
		{4C49496F-4E81-4476-ABAE-89883B60A07E}.Debug|Any CPU.ActiveCfg = Debug|Any CPU
		{4C49496F-4E81-4476-ABAE-89883B60A07E}.Debug|Any CPU.Build.0 = Debug|Any CPU
		{4C49496F-4E81-4476-ABAE-89883B60A07E}.Debug|x64.ActiveCfg = Debug|Any CPU
		{4C49496F-4E81-4476-ABAE-89883B60A07E}.Debug|x64.Build.0 = Debug|Any CPU
		{4C49496F-4E81-4476-ABAE-89883B60A07E}.Debug|x86.ActiveCfg = Debug|Any CPU
		{4C49496F-4E81-4476-ABAE-89883B60A07E}.Debug|x86.Build.0 = Debug|Any CPU
		{4C49496F-4E81-4476-ABAE-89883B60A07E}.Release|Any CPU.ActiveCfg = Release|Any CPU
		{4C49496F-4E81-4476-ABAE-89883B60A07E}.Release|Any CPU.Build.0 = Release|Any CPU
		{4C49496F-4E81-4476-ABAE-89883B60A07E}.Release|x64.ActiveCfg = Release|Any CPU
		{4C49496F-4E81-4476-ABAE-89883B60A07E}.Release|x64.Build.0 = Release|Any CPU
		{4C49496F-4E81-4476-ABAE-89883B60A07E}.Release|x86.ActiveCfg = Release|Any CPU
		{4C49496F-4E81-4476-ABAE-89883B60A07E}.Release|x86.Build.0 = Release|Any CPU
		{BFC040E5-F4F3-4C99-99AE-A3387DA71F33}.Debug|Any CPU.ActiveCfg = Debug|Any CPU
		{BFC040E5-F4F3-4C99-99AE-A3387DA71F33}.Debug|Any CPU.Build.0 = Debug|Any CPU
		{BFC040E5-F4F3-4C99-99AE-A3387DA71F33}.Debug|x64.ActiveCfg = Debug|Any CPU
		{BFC040E5-F4F3-4C99-99AE-A3387DA71F33}.Debug|x64.Build.0 = Debug|Any CPU
		{BFC040E5-F4F3-4C99-99AE-A3387DA71F33}.Debug|x86.ActiveCfg = Debug|Any CPU
		{BFC040E5-F4F3-4C99-99AE-A3387DA71F33}.Debug|x86.Build.0 = Debug|Any CPU
		{BFC040E5-F4F3-4C99-99AE-A3387DA71F33}.Release|Any CPU.ActiveCfg = Release|Any CPU
		{BFC040E5-F4F3-4C99-99AE-A3387DA71F33}.Release|Any CPU.Build.0 = Release|Any CPU
		{BFC040E5-F4F3-4C99-99AE-A3387DA71F33}.Release|x64.ActiveCfg = Release|Any CPU
		{BFC040E5-F4F3-4C99-99AE-A3387DA71F33}.Release|x64.Build.0 = Release|Any CPU
		{BFC040E5-F4F3-4C99-99AE-A3387DA71F33}.Release|x86.ActiveCfg = Release|Any CPU
		{BFC040E5-F4F3-4C99-99AE-A3387DA71F33}.Release|x86.Build.0 = Release|Any CPU
		{AFB904AE-F73F-421B-AD65-8E235199AFEF}.Debug|Any CPU.ActiveCfg = Debug|Any CPU
		{AFB904AE-F73F-421B-AD65-8E235199AFEF}.Debug|Any CPU.Build.0 = Debug|Any CPU
		{AFB904AE-F73F-421B-AD65-8E235199AFEF}.Debug|x64.ActiveCfg = Debug|Any CPU
		{AFB904AE-F73F-421B-AD65-8E235199AFEF}.Debug|x64.Build.0 = Debug|Any CPU
		{AFB904AE-F73F-421B-AD65-8E235199AFEF}.Debug|x86.ActiveCfg = Debug|Any CPU
		{AFB904AE-F73F-421B-AD65-8E235199AFEF}.Debug|x86.Build.0 = Debug|Any CPU
		{AFB904AE-F73F-421B-AD65-8E235199AFEF}.Release|Any CPU.ActiveCfg = Release|Any CPU
		{AFB904AE-F73F-421B-AD65-8E235199AFEF}.Release|Any CPU.Build.0 = Release|Any CPU
		{AFB904AE-F73F-421B-AD65-8E235199AFEF}.Release|x64.ActiveCfg = Release|Any CPU
		{AFB904AE-F73F-421B-AD65-8E235199AFEF}.Release|x64.Build.0 = Release|Any CPU
		{AFB904AE-F73F-421B-AD65-8E235199AFEF}.Release|x86.ActiveCfg = Release|Any CPU
		{AFB904AE-F73F-421B-AD65-8E235199AFEF}.Release|x86.Build.0 = Release|Any CPU
		{C62CEA4F-AF3D-4CBE-AE89-EF027237E987}.Debug|Any CPU.ActiveCfg = Debug|Any CPU
		{C62CEA4F-AF3D-4CBE-AE89-EF027237E987}.Debug|Any CPU.Build.0 = Debug|Any CPU
		{C62CEA4F-AF3D-4CBE-AE89-EF027237E987}.Debug|x64.ActiveCfg = Debug|Any CPU
		{C62CEA4F-AF3D-4CBE-AE89-EF027237E987}.Debug|x64.Build.0 = Debug|Any CPU
		{C62CEA4F-AF3D-4CBE-AE89-EF027237E987}.Debug|x86.ActiveCfg = Debug|Any CPU
		{C62CEA4F-AF3D-4CBE-AE89-EF027237E987}.Debug|x86.Build.0 = Debug|Any CPU
		{C62CEA4F-AF3D-4CBE-AE89-EF027237E987}.Release|Any CPU.ActiveCfg = Release|Any CPU
		{C62CEA4F-AF3D-4CBE-AE89-EF027237E987}.Release|Any CPU.Build.0 = Release|Any CPU
		{C62CEA4F-AF3D-4CBE-AE89-EF027237E987}.Release|x64.ActiveCfg = Release|Any CPU
		{C62CEA4F-AF3D-4CBE-AE89-EF027237E987}.Release|x64.Build.0 = Release|Any CPU
		{C62CEA4F-AF3D-4CBE-AE89-EF027237E987}.Release|x86.ActiveCfg = Release|Any CPU
		{C62CEA4F-AF3D-4CBE-AE89-EF027237E987}.Release|x86.Build.0 = Release|Any CPU
		{6D97D21F-2216-4EC7-AEFB-27AB3CCEE0CE}.Debug|Any CPU.ActiveCfg = Debug|Any CPU
		{6D97D21F-2216-4EC7-AEFB-27AB3CCEE0CE}.Debug|Any CPU.Build.0 = Debug|Any CPU
		{6D97D21F-2216-4EC7-AEFB-27AB3CCEE0CE}.Debug|x64.ActiveCfg = Debug|Any CPU
		{6D97D21F-2216-4EC7-AEFB-27AB3CCEE0CE}.Debug|x64.Build.0 = Debug|Any CPU
		{6D97D21F-2216-4EC7-AEFB-27AB3CCEE0CE}.Debug|x86.ActiveCfg = Debug|Any CPU
		{6D97D21F-2216-4EC7-AEFB-27AB3CCEE0CE}.Debug|x86.Build.0 = Debug|Any CPU
		{6D97D21F-2216-4EC7-AEFB-27AB3CCEE0CE}.Release|Any CPU.ActiveCfg = Release|Any CPU
		{6D97D21F-2216-4EC7-AEFB-27AB3CCEE0CE}.Release|Any CPU.Build.0 = Release|Any CPU
		{6D97D21F-2216-4EC7-AEFB-27AB3CCEE0CE}.Release|x64.ActiveCfg = Release|Any CPU
		{6D97D21F-2216-4EC7-AEFB-27AB3CCEE0CE}.Release|x64.Build.0 = Release|Any CPU
		{6D97D21F-2216-4EC7-AEFB-27AB3CCEE0CE}.Release|x86.ActiveCfg = Release|Any CPU
		{6D97D21F-2216-4EC7-AEFB-27AB3CCEE0CE}.Release|x86.Build.0 = Release|Any CPU
		{45FD1BC2-D992-4927-919B-966E913BFD21}.Debug|Any CPU.ActiveCfg = Debug|Any CPU
		{45FD1BC2-D992-4927-919B-966E913BFD21}.Debug|Any CPU.Build.0 = Debug|Any CPU
		{45FD1BC2-D992-4927-919B-966E913BFD21}.Debug|x64.ActiveCfg = Debug|Any CPU
		{45FD1BC2-D992-4927-919B-966E913BFD21}.Debug|x64.Build.0 = Debug|Any CPU
		{45FD1BC2-D992-4927-919B-966E913BFD21}.Debug|x86.ActiveCfg = Debug|Any CPU
		{45FD1BC2-D992-4927-919B-966E913BFD21}.Debug|x86.Build.0 = Debug|Any CPU
		{45FD1BC2-D992-4927-919B-966E913BFD21}.Release|Any CPU.ActiveCfg = Release|Any CPU
		{45FD1BC2-D992-4927-919B-966E913BFD21}.Release|Any CPU.Build.0 = Release|Any CPU
		{45FD1BC2-D992-4927-919B-966E913BFD21}.Release|x64.ActiveCfg = Release|Any CPU
		{45FD1BC2-D992-4927-919B-966E913BFD21}.Release|x64.Build.0 = Release|Any CPU
		{45FD1BC2-D992-4927-919B-966E913BFD21}.Release|x86.ActiveCfg = Release|Any CPU
		{45FD1BC2-D992-4927-919B-966E913BFD21}.Release|x86.Build.0 = Release|Any CPU
		{03BAE90E-910C-470D-B134-E17A3DBC7EF8}.Debug|Any CPU.ActiveCfg = Debug|Any CPU
		{03BAE90E-910C-470D-B134-E17A3DBC7EF8}.Debug|Any CPU.Build.0 = Debug|Any CPU
		{03BAE90E-910C-470D-B134-E17A3DBC7EF8}.Debug|x64.ActiveCfg = Debug|Any CPU
		{03BAE90E-910C-470D-B134-E17A3DBC7EF8}.Debug|x64.Build.0 = Debug|Any CPU
		{03BAE90E-910C-470D-B134-E17A3DBC7EF8}.Debug|x86.ActiveCfg = Debug|Any CPU
		{03BAE90E-910C-470D-B134-E17A3DBC7EF8}.Debug|x86.Build.0 = Debug|Any CPU
		{03BAE90E-910C-470D-B134-E17A3DBC7EF8}.Release|Any CPU.ActiveCfg = Release|Any CPU
		{03BAE90E-910C-470D-B134-E17A3DBC7EF8}.Release|Any CPU.Build.0 = Release|Any CPU
		{03BAE90E-910C-470D-B134-E17A3DBC7EF8}.Release|x64.ActiveCfg = Release|Any CPU
		{03BAE90E-910C-470D-B134-E17A3DBC7EF8}.Release|x64.Build.0 = Release|Any CPU
		{03BAE90E-910C-470D-B134-E17A3DBC7EF8}.Release|x86.ActiveCfg = Release|Any CPU
		{03BAE90E-910C-470D-B134-E17A3DBC7EF8}.Release|x86.Build.0 = Release|Any CPU
		{76F5ACFB-1330-44A1-BE19-ECFBF16EFAB3}.Debug|Any CPU.ActiveCfg = Debug|Any CPU
		{76F5ACFB-1330-44A1-BE19-ECFBF16EFAB3}.Debug|Any CPU.Build.0 = Debug|Any CPU
		{76F5ACFB-1330-44A1-BE19-ECFBF16EFAB3}.Debug|x64.ActiveCfg = Debug|Any CPU
		{76F5ACFB-1330-44A1-BE19-ECFBF16EFAB3}.Debug|x64.Build.0 = Debug|Any CPU
		{76F5ACFB-1330-44A1-BE19-ECFBF16EFAB3}.Debug|x86.ActiveCfg = Debug|Any CPU
		{76F5ACFB-1330-44A1-BE19-ECFBF16EFAB3}.Debug|x86.Build.0 = Debug|Any CPU
		{76F5ACFB-1330-44A1-BE19-ECFBF16EFAB3}.Release|Any CPU.ActiveCfg = Release|Any CPU
		{76F5ACFB-1330-44A1-BE19-ECFBF16EFAB3}.Release|Any CPU.Build.0 = Release|Any CPU
		{76F5ACFB-1330-44A1-BE19-ECFBF16EFAB3}.Release|x64.ActiveCfg = Release|Any CPU
		{76F5ACFB-1330-44A1-BE19-ECFBF16EFAB3}.Release|x64.Build.0 = Release|Any CPU
		{76F5ACFB-1330-44A1-BE19-ECFBF16EFAB3}.Release|x86.ActiveCfg = Release|Any CPU
		{76F5ACFB-1330-44A1-BE19-ECFBF16EFAB3}.Release|x86.Build.0 = Release|Any CPU
		{85E6FC0D-9085-42D4-A48E-A398319B9312}.Debug|Any CPU.ActiveCfg = Debug|Any CPU
		{85E6FC0D-9085-42D4-A48E-A398319B9312}.Debug|Any CPU.Build.0 = Debug|Any CPU
		{85E6FC0D-9085-42D4-A48E-A398319B9312}.Debug|x64.ActiveCfg = Debug|Any CPU
		{85E6FC0D-9085-42D4-A48E-A398319B9312}.Debug|x64.Build.0 = Debug|Any CPU
		{85E6FC0D-9085-42D4-A48E-A398319B9312}.Debug|x86.ActiveCfg = Debug|Any CPU
		{85E6FC0D-9085-42D4-A48E-A398319B9312}.Debug|x86.Build.0 = Debug|Any CPU
		{85E6FC0D-9085-42D4-A48E-A398319B9312}.Release|Any CPU.ActiveCfg = Release|Any CPU
		{85E6FC0D-9085-42D4-A48E-A398319B9312}.Release|Any CPU.Build.0 = Release|Any CPU
		{85E6FC0D-9085-42D4-A48E-A398319B9312}.Release|x64.ActiveCfg = Release|Any CPU
		{85E6FC0D-9085-42D4-A48E-A398319B9312}.Release|x64.Build.0 = Release|Any CPU
		{85E6FC0D-9085-42D4-A48E-A398319B9312}.Release|x86.ActiveCfg = Release|Any CPU
		{85E6FC0D-9085-42D4-A48E-A398319B9312}.Release|x86.Build.0 = Release|Any CPU
		{F91C82CA-16A2-4FDD-9703-1B9B80209C3D}.Debug|Any CPU.ActiveCfg = Debug|Any CPU
		{F91C82CA-16A2-4FDD-9703-1B9B80209C3D}.Debug|Any CPU.Build.0 = Debug|Any CPU
		{F91C82CA-16A2-4FDD-9703-1B9B80209C3D}.Debug|x64.ActiveCfg = Debug|Any CPU
		{F91C82CA-16A2-4FDD-9703-1B9B80209C3D}.Debug|x64.Build.0 = Debug|Any CPU
		{F91C82CA-16A2-4FDD-9703-1B9B80209C3D}.Debug|x86.ActiveCfg = Debug|Any CPU
		{F91C82CA-16A2-4FDD-9703-1B9B80209C3D}.Debug|x86.Build.0 = Debug|Any CPU
		{F91C82CA-16A2-4FDD-9703-1B9B80209C3D}.Release|Any CPU.ActiveCfg = Release|Any CPU
		{F91C82CA-16A2-4FDD-9703-1B9B80209C3D}.Release|Any CPU.Build.0 = Release|Any CPU
		{F91C82CA-16A2-4FDD-9703-1B9B80209C3D}.Release|x64.ActiveCfg = Release|Any CPU
		{F91C82CA-16A2-4FDD-9703-1B9B80209C3D}.Release|x64.Build.0 = Release|Any CPU
		{F91C82CA-16A2-4FDD-9703-1B9B80209C3D}.Release|x86.ActiveCfg = Release|Any CPU
		{F91C82CA-16A2-4FDD-9703-1B9B80209C3D}.Release|x86.Build.0 = Release|Any CPU
		{C43443C6-CD05-4C60-8FC3-4E6B3E82F10B}.Debug|Any CPU.ActiveCfg = Debug|Any CPU
		{C43443C6-CD05-4C60-8FC3-4E6B3E82F10B}.Debug|Any CPU.Build.0 = Debug|Any CPU
		{C43443C6-CD05-4C60-8FC3-4E6B3E82F10B}.Debug|x64.ActiveCfg = Debug|Any CPU
		{C43443C6-CD05-4C60-8FC3-4E6B3E82F10B}.Debug|x64.Build.0 = Debug|Any CPU
		{C43443C6-CD05-4C60-8FC3-4E6B3E82F10B}.Debug|x86.ActiveCfg = Debug|Any CPU
		{C43443C6-CD05-4C60-8FC3-4E6B3E82F10B}.Debug|x86.Build.0 = Debug|Any CPU
		{C43443C6-CD05-4C60-8FC3-4E6B3E82F10B}.Release|Any CPU.ActiveCfg = Release|Any CPU
		{C43443C6-CD05-4C60-8FC3-4E6B3E82F10B}.Release|Any CPU.Build.0 = Release|Any CPU
		{C43443C6-CD05-4C60-8FC3-4E6B3E82F10B}.Release|x64.ActiveCfg = Release|Any CPU
		{C43443C6-CD05-4C60-8FC3-4E6B3E82F10B}.Release|x64.Build.0 = Release|Any CPU
		{C43443C6-CD05-4C60-8FC3-4E6B3E82F10B}.Release|x86.ActiveCfg = Release|Any CPU
		{C43443C6-CD05-4C60-8FC3-4E6B3E82F10B}.Release|x86.Build.0 = Release|Any CPU
	EndGlobalSection
	GlobalSection(SolutionProperties) = preSolution
		HideSolutionNode = FALSE
	EndGlobalSection
	GlobalSection(NestedProjects) = preSolution
		{C8E42992-5E42-0C2B-DBFE-AA848D06431C} = {827E0CD3-B72D-47B6-A68D-7590B98EB39B}
		{A030319A-6473-6474-6BC6-D56A243D6504} = {C8E42992-5E42-0C2B-DBFE-AA848D06431C}
		{D34AC15F-0AF6-490B-BBA6-36996E2FEDEA} = {A030319A-6473-6474-6BC6-D56A243D6504}
		{984BB9B3-3FA3-BE33-9484-CAC21695A33C} = {827E0CD3-B72D-47B6-A68D-7590B98EB39B}
		{A52FF9A7-1006-A729-7F26-021652E10080} = {984BB9B3-3FA3-BE33-9484-CAC21695A33C}
		{60697DE3-89B2-496F-A976-02ED74483C31} = {A52FF9A7-1006-A729-7F26-021652E10080}
		{05EA2664-9EC8-4C3B-BAED-35B56888FFC3} = {A52FF9A7-1006-A729-7F26-021652E10080}
		{4C49496F-4E81-4476-ABAE-89883B60A07E} = {A52FF9A7-1006-A729-7F26-021652E10080}
		{BFC040E5-F4F3-4C99-99AE-A3387DA71F33} = {A52FF9A7-1006-A729-7F26-021652E10080}
		{5D5F1A51-413C-51CF-0AA2-A9CBE0E1EBD9} = {984BB9B3-3FA3-BE33-9484-CAC21695A33C}
		{AFB904AE-F73F-421B-AD65-8E235199AFEF} = {5D5F1A51-413C-51CF-0AA2-A9CBE0E1EBD9}
		{C62CEA4F-AF3D-4CBE-AE89-EF027237E987} = {5D5F1A51-413C-51CF-0AA2-A9CBE0E1EBD9}
		{6D97D21F-2216-4EC7-AEFB-27AB3CCEE0CE} = {5D5F1A51-413C-51CF-0AA2-A9CBE0E1EBD9}
		{45FD1BC2-D992-4927-919B-966E913BFD21} = {5D5F1A51-413C-51CF-0AA2-A9CBE0E1EBD9}
		{9048EB7F-3875-A59E-E36B-5BD4C6F2A282} = {827E0CD3-B72D-47B6-A68D-7590B98EB39B}
		{03BAE90E-910C-470D-B134-E17A3DBC7EF8} = {9048EB7F-3875-A59E-E36B-5BD4C6F2A282}
		{76F5ACFB-1330-44A1-BE19-ECFBF16EFAB3} = {9048EB7F-3875-A59E-E36B-5BD4C6F2A282}
		{FCA01246-F2C6-0AA7-D43F-FD13BE0B9D88} = {827E0CD3-B72D-47B6-A68D-7590B98EB39B}
		{85E6FC0D-9085-42D4-A48E-A398319B9312} = {FCA01246-F2C6-0AA7-D43F-FD13BE0B9D88}
		{F91C82CA-16A2-4FDD-9703-1B9B80209C3D} = {0AB3BF05-4346-4AA6-1389-037BE0695223}
		{C43443C6-CD05-4C60-8FC3-4E6B3E82F10B} = {0AB3BF05-4346-4AA6-1389-037BE0695223}
	EndGlobalSection
EndGlobal
